
Microsoft Visual Studio Solution File, Format Version 12.00
# Visual Studio Version 16
VisualStudioVersion = 16.0.34031.81
MinimumVisualStudioVersion = 10.0.40219.1
Project("{2150E333-8FDC-42A3-9474-1A3956D46DE8}") = "01-Domain", "01-Domain", "{22F89923-4570-41CD-B6E5-BD439A2515DC}"
EndProject
Project("{2150E333-8FDC-42A3-9474-1A3956D46DE8}") = "02-Infrastructure", "02-Infrastructure", "{90341E98-1B4B-4D8E-95A5-DE54B44C33C1}"
EndProject
Project("{2150E333-8FDC-42A3-9474-1A3956D46DE8}") = "03-EndPoint", "03-EndPoint", "{4E70A8BE-E2BE-4991-ABE9-4E1D415B070C}"
EndProject
Project("{2150E333-8FDC-42A3-9474-1A3956D46DE8}") = "Core", "Core", "{5087B45A-F053-45DD-98D8-9771A80AF740}"
EndProject
Project("{2150E333-8FDC-42A3-9474-1A3956D46DE8}") = "Services", "Services", "{678C6D3B-773D-46A6-BA9D-26767036C478}"
EndProject
Project("{2150E333-8FDC-42A3-9474-1A3956D46DE8}") = "DataAccess", "DataAccess", "{68F67BA8-7080-474F-A74C-1B31D7DDEA4E}"
EndProject
Project("{2150E333-8FDC-42A3-9474-1A3956D46DE8}") = "DB", "DB", "{D95C6905-3FB7-4F0D-846F-DC85CC5DB992}"
EndProject
Project("{9A19103F-16F7-4668-BE54-9A1E7A4F7556}") = "App.EndPoint", "App.EndPoint\App.EndPoint.csproj", "{A8DCA8A2-1052-46C4-92D1-11A3B682F331}"
EndProject
Project("{9A19103F-16F7-4668-BE54-9A1E7A4F7556}") = "App.Domain.Code", "App.Domain.Code\App.Domain.Code.csproj", "{DA75B8B1-EEC6-4571-B1F7-6CEF9A0C22C6}"
EndProject
Project("{9A19103F-16F7-4668-BE54-9A1E7A4F7556}") = "App.Infras.Data.Db.SqlServer.EF", "App.Infras.Data.Db.SqlServer.EF\App.Infras.Data.Db.SqlServer.EF.csproj", "{A8964D55-3091-499F-9427-4B25242DCB9C}"
EndProject
Project("{9A19103F-16F7-4668-BE54-9A1E7A4F7556}") = "App.Domain.AppServices", "App.Domain.AppServices\App.Domain.AppServices.csproj", "{432B8819-ABAE-4744-BE3F-C0119A992CCE}"
EndProject
Project("{9A19103F-16F7-4668-BE54-9A1E7A4F7556}") = "App.Domin.Services", "App.Domin.Services\App.Domin.Services.csproj", "{77F84FA1-34D1-4122-A733-B0BDA7824539}"
EndProject
Project("{9A19103F-16F7-4668-BE54-9A1E7A4F7556}") = "App.Infra.Data.Repos.Ef", "App.Infra.Data.Repos.Ef\App.Infra.Data.Repos.Ef.csproj", "{66901A7C-4C13-468E-A3D5-FAD2CEB37B16}"
EndProject
Global
	GlobalSection(SolutionConfigurationPlatforms) = preSolution
		Debug|Any CPU = Debug|Any CPU
		Release|Any CPU = Release|Any CPU
	EndGlobalSection
	GlobalSection(ProjectConfigurationPlatforms) = postSolution
		{A8DCA8A2-1052-46C4-92D1-11A3B682F331}.Debug|Any CPU.ActiveCfg = Debug|Any CPU
		{A8DCA8A2-1052-46C4-92D1-11A3B682F331}.Debug|Any CPU.Build.0 = Debug|Any CPU
		{A8DCA8A2-1052-46C4-92D1-11A3B682F331}.Release|Any CPU.ActiveCfg = Release|Any CPU
		{A8DCA8A2-1052-46C4-92D1-11A3B682F331}.Release|Any CPU.Build.0 = Release|Any CPU
		{DA75B8B1-EEC6-4571-B1F7-6CEF9A0C22C6}.Debug|Any CPU.ActiveCfg = Debug|Any CPU
		{DA75B8B1-EEC6-4571-B1F7-6CEF9A0C22C6}.Debug|Any CPU.Build.0 = Debug|Any CPU
		{DA75B8B1-EEC6-4571-B1F7-6CEF9A0C22C6}.Release|Any CPU.ActiveCfg = Release|Any CPU
		{DA75B8B1-EEC6-4571-B1F7-6CEF9A0C22C6}.Release|Any CPU.Build.0 = Release|Any CPU
		{A8964D55-3091-499F-9427-4B25242DCB9C}.Debug|Any CPU.ActiveCfg = Debug|Any CPU
		{A8964D55-3091-499F-9427-4B25242DCB9C}.Debug|Any CPU.Build.0 = Debug|Any CPU
		{A8964D55-3091-499F-9427-4B25242DCB9C}.Release|Any CPU.ActiveCfg = Release|Any CPU
		{A8964D55-3091-499F-9427-4B25242DCB9C}.Release|Any CPU.Build.0 = Release|Any CPU
		{432B8819-ABAE-4744-BE3F-C0119A992CCE}.Debug|Any CPU.ActiveCfg = Debug|Any CPU
		{432B8819-ABAE-4744-BE3F-C0119A992CCE}.Debug|Any CPU.Build.0 = Debug|Any CPU
		{432B8819-ABAE-4744-BE3F-C0119A992CCE}.Release|Any CPU.ActiveCfg = Release|Any CPU
		{432B8819-ABAE-4744-BE3F-C0119A992CCE}.Release|Any CPU.Build.0 = Release|Any CPU
		{77F84FA1-34D1-4122-A733-B0BDA7824539}.Debug|Any CPU.ActiveCfg = Debug|Any CPU
		{77F84FA1-34D1-4122-A733-B0BDA7824539}.Debug|Any CPU.Build.0 = Debug|Any CPU
		{77F84FA1-34D1-4122-A733-B0BDA7824539}.Release|Any CPU.ActiveCfg = Release|Any CPU
		{77F84FA1-34D1-4122-A733-B0BDA7824539}.Release|Any CPU.Build.0 = Release|Any CPU
		{66901A7C-4C13-468E-A3D5-FAD2CEB37B16}.Debug|Any CPU.ActiveCfg = Debug|Any CPU
		{66901A7C-4C13-468E-A3D5-FAD2CEB37B16}.Debug|Any CPU.Build.0 = Debug|Any CPU
		{66901A7C-4C13-468E-A3D5-FAD2CEB37B16}.Release|Any CPU.ActiveCfg = Release|Any CPU
		{66901A7C-4C13-468E-A3D5-FAD2CEB37B16}.Release|Any CPU.Build.0 = Release|Any CPU
	EndGlobalSection
	GlobalSection(SolutionProperties) = preSolution
		HideSolutionNode = FALSE
	EndGlobalSection
	GlobalSection(NestedProjects) = preSolution
		{5087B45A-F053-45DD-98D8-9771A80AF740} = {22F89923-4570-41CD-B6E5-BD439A2515DC}
		{678C6D3B-773D-46A6-BA9D-26767036C478} = {22F89923-4570-41CD-B6E5-BD439A2515DC}
		{68F67BA8-7080-474F-A74C-1B31D7DDEA4E} = {90341E98-1B4B-4D8E-95A5-DE54B44C33C1}
		{D95C6905-3FB7-4F0D-846F-DC85CC5DB992} = {90341E98-1B4B-4D8E-95A5-DE54B44C33C1}
		{A8DCA8A2-1052-46C4-92D1-11A3B682F331} = {4E70A8BE-E2BE-4991-ABE9-4E1D415B070C}
		{DA75B8B1-EEC6-4571-B1F7-6CEF9A0C22C6} = {5087B45A-F053-45DD-98D8-9771A80AF740}
		{A8964D55-3091-499F-9427-4B25242DCB9C} = {D95C6905-3FB7-4F0D-846F-DC85CC5DB992}
		{432B8819-ABAE-4744-BE3F-C0119A992CCE} = {678C6D3B-773D-46A6-BA9D-26767036C478}
		{77F84FA1-34D1-4122-A733-B0BDA7824539} = {678C6D3B-773D-46A6-BA9D-26767036C478}
		{66901A7C-4C13-468E-A3D5-FAD2CEB37B16} = {68F67BA8-7080-474F-A74C-1B31D7DDEA4E}
	EndGlobalSection
	GlobalSection(ExtensibilityGlobals) = postSolution
		SolutionGuid = {394D2893-E4FA-415B-825C-E83032F187A1}
	EndGlobalSection
EndGlobal
